Microsoft Visual Studio Solution File, Format Version 11.00
# Visual Studio 2008

Project("{588B6D2F-AED0-C67E-F6F4-6885E073B035}") = "IESBGame", "Assembly-CSharp.csproj", "{FE5AD9F9-797B-C29C-898C-05B39103E81F}"
EndProject
Global
	GlobalSection(SolutionConfigurationPlatforms) = preSolution
		Debug|Any CPU = Debug|Any CPU
		Release|Any CPU = Release|Any CPU
	EndGlobalSection
	GlobalSection(ProjectConfigurationPlatforms) = postSolution
		{FE5AD9F9-797B-C29C-898C-05B39103E81F}.Debug|Any CPU.ActiveCfg = Debug|Any CPU
		{FE5AD9F9-797B-C29C-898C-05B39103E81F}.Debug|Any CPU.Build.0 = Debug|Any CPU
		{FE5AD9F9-797B-C29C-898C-05B39103E81F}.Release|Any CPU.ActiveCfg = Release|Any CPU
		{FE5AD9F9-797B-C29C-898C-05B39103E81F}.Release|Any CPU.Build.0 = Release|Any CPU
	EndGlobalSection
	GlobalSection(SolutionProperties) = preSolution
		HideSolutionNode = FALSE
	EndGlobalSection
	GlobalSection(MonoDevelopProperties) = preSolution
		StartupItem = Assembly-CSharp.csproj
	EndGlobalSection
EndGlobal
