Microsoft Visual Studio Solution File, Format Version 11.00
# Visual Studio 2008

Project("{82FB96A0-D622-A7B2-7BA0-B867E857B0A6}") = "IESBGame-master", "Assembly-CSharp.csproj", "{AE8A76D5-6B74-DB52-95B9-3BA34AA4DE57}"
EndProject
Global
	GlobalSection(SolutionConfigurationPlatforms) = preSolution
		Debug|Any CPU = Debug|Any CPU
		Release|Any CPU = Release|Any CPU
	EndGlobalSection
	GlobalSection(ProjectConfigurationPlatforms) = postSolution
		{AE8A76D5-6B74-DB52-95B9-3BA34AA4DE57}.Debug|Any CPU.ActiveCfg = Debug|Any CPU
		{AE8A76D5-6B74-DB52-95B9-3BA34AA4DE57}.Debug|Any CPU.Build.0 = Debug|Any CPU
		{AE8A76D5-6B74-DB52-95B9-3BA34AA4DE57}.Release|Any CPU.ActiveCfg = Release|Any CPU
		{AE8A76D5-6B74-DB52-95B9-3BA34AA4DE57}.Release|Any CPU.Build.0 = Release|Any CPU
	EndGlobalSection
	GlobalSection(SolutionProperties) = preSolution
		HideSolutionNode = FALSE
	EndGlobalSection
	GlobalSection(MonoDevelopProperties) = preSolution
		StartupItem = Assembly-CSharp.csproj
	EndGlobalSection
EndGlobal
